Microsoft Visual Studio Solution File, Format Version 12.00
# Visual Studio Version 17
VisualStudioVersion = 17.5.2.0
MinimumVisualStudioVersion = 10.0.40219.1
Project("{2150E333-8FDC-42A3-9474-1A3956D46DE8}") = "Learning", "Learning", "{7222B4A5-F4C4-DFA6-A865-BEDAECDB856D}"
EndProject
Project("{FAE04EC0-301F-11D3-BF4B-00C04F79EFBC}") = "Main", "Learning\Main\Main.csproj", "{4E188B8E-87D7-F1CE-8F01-785713713960}"
EndProject
Global
	GlobalSection(SolutionConfigurationPlatforms) = preSolution
		Debug|Any CPU = Debug|Any CPU
		Release|Any CPU = Release|Any CPU
	EndGlobalSection
	GlobalSection(ProjectConfigurationPlatforms) = postSolution
		{4E188B8E-87D7-F1CE-8F01-785713713960}.Debug|Any CPU.ActiveCfg = Debug|Any CPU
		{4E188B8E-87D7-F1CE-8F01-785713713960}.Debug|Any CPU.Build.0 = Debug|Any CPU
		{4E188B8E-87D7-F1CE-8F01-785713713960}.Release|Any CPU.ActiveCfg = Release|Any CPU
		{4E188B8E-87D7-F1CE-8F01-785713713960}.Release|Any CPU.Build.0 = Release|Any CPU
	EndGlobalSection
	GlobalSection(SolutionProperties) = preSolution
		HideSolutionNode = FALSE
	EndGlobalSection
	GlobalSection(NestedProjects) = preSolution
		{4E188B8E-87D7-F1CE-8F01-785713713960} = {7222B4A5-F4C4-DFA6-A865-BEDAECDB856D}
	EndGlobalSection
	GlobalSection(ExtensibilityGlobals) = postSolution
		SolutionGuid = {FA58A818-9573-4567-84BC-DD4C930D35A7}
	EndGlobalSection
EndGlobal
